<?xml version="1.0" encoding="utf-8"?>
<Project ToolsVersion="4.0" xmlns="http://schemas.microsoft.com/developer/msbuild/2003">
  <ItemGroup>
    <ClInclude Include="CommandListManager.h" />
    <ClInclude Include="CommandQueueManager.h" />
    <ClInclude Include="CommandAllocatorManager.h" />
    <ClInclude Include="FenceManager.h" />
  </ItemGroup>
  <ItemGroup>
    <ClCompile Include="CommandListManager.cpp" />
    <ClCompile Include="CommandQueueManager.cpp" />
    <ClCompile Include="CommandAllocatorManager.cpp" />
    <ClCompile Include="FenceManager.cpp" />
  </ItemGroup>
  <ItemGroup>
    <None Include="packages.config" />
  </ItemGroup>
</Project>