
Microsoft Visual Studio Solution File, Format Version 12.00
# Visual Studio 14
VisualStudioVersion = 14.0.25420.1
MinimumVisualStudioVersion = 10.0.40219.1
Project("{8BC9CEB8-8B4A-11D0-8D11-00A0C91BC942}") = "Main", "Main\Main.vcxproj", "{4EAB39FD-5BFF-43D4-8E55-0F775433AF16}"
	ProjectSection(ProjectDependencies) = postProject
		{478DA31D-DC5E-40A3-B833-0FD986A46CEF} = {478DA31D-DC5E-40A3-B833-0FD986A46CEF}
		{785C0C32-B913-41A5-B676-190C706CE2F9} = {785C0C32-B913-41A5-B676-190C706CE2F9}
		{6049D839-EC2B-482B-948E-887437E86552} = {6049D839-EC2B-482B-948E-887437E86552}
		{6D4A9E3B-D5D5-4031-9E4F-36BD9FE9914A} = {6D4A9E3B-D5D5-4031-9E4F-36BD9FE9914A}
		{E866785E-DE8B-4B20-9F19-671CF5400F02} = {E866785E-DE8B-4B20-9F19-671CF5400F02}
		{7E68B999-B644-4EAC-AD51-E9B37A64F683} = {7E68B999-B644-4EAC-AD51-E9B37A64F683}
		{53A77E9B-6835-4738-927B-9B5AF765A40C} = {53A77E9B-6835-4738-927B-9B5AF765A40C}
		{C46829C3-0991-48CB-8103-780A52D0EA2C} = {C46829C3-0991-48CB-8103-780A52D0EA2C}
		{CC8638C9-BEC2-49DC-89B3-0C51F6DDE9DA} = {CC8638C9-BEC2-49DC-89B3-0C51F6DDE9DA}
		{1E01CBE5-ED1C-4729-BD64-7E2FDA932A6C} = {1E01CBE5-ED1C-4729-BD64-7E2FDA932A6C}
		{ED8231FF-791A-4C2F-9FE2-B49DEE3A9F79} = {ED8231FF-791A-4C2F-9FE2-B49DEE3A9F79}
	EndProjectSection
EndProject
Project("{8BC9CEB8-8B4A-11D0-8D11-00A0C91BC942}") = "Timer", "Timer\Timer.vcxproj", "{EED057CC-9080-435B-963B-C62CF4357144}"
EndProject
Project("{8BC9CEB8-8B4A-11D0-8D11-00A0C91BC942}") = "DXUtils", "DXUtils\DXUtils.vcxproj", "{C7E94DAC-F9E2-4998-99EE-0F9B51FAC66B}"
	ProjectSection(ProjectDependencies) = postProject
		{D7555BA5-692B-454C-AD9A-B5E2FE782E56} = {D7555BA5-692B-454C-AD9A-B5E2FE782E56}
	EndProjectSection
EndProject
Project("{8BC9CEB8-8B4A-11D0-8D11-00A0C91BC942}") = "Camera", "Camera\Camera.vcxproj", "{E6EE90EB-5E2F-46A8-999C-F087EBC76B06}"
	ProjectSection(ProjectDependencies) = postProject
		{20EFFD71-17C3-4604-A248-C0F73B49E039} = {20EFFD71-17C3-4604-A248-C0F73B49E039}
		{E291FCBB-DCEB-460A-99F5-564733CA28B8} = {E291FCBB-DCEB-460A-99F5-564733CA28B8}
	EndProjectSection
EndProject
Project("{8BC9CEB8-8B4A-11D0-8D11-00A0C91BC942}") = "MathUtils", "MathUtils\MathUtils.vcxproj", "{20EFFD71-17C3-4604-A248-C0F73B49E039}"
	ProjectSection(ProjectDependencies) = postProject
		{D7555BA5-692B-454C-AD9A-B5E2FE782E56} = {D7555BA5-692B-454C-AD9A-B5E2FE782E56}
	EndProjectSection
EndProject
Project("{8BC9CEB8-8B4A-11D0-8D11-00A0C91BC942}") = "Utils", "Utils\Utils.vcxproj", "{D7555BA5-692B-454C-AD9A-B5E2FE782E56}"
EndProject
Project("{8BC9CEB8-8B4A-11D0-8D11-00A0C91BC942}") = "Input", "Input\Input.vcxproj", "{CC8638C9-BEC2-49DC-89B3-0C51F6DDE9DA}"
	ProjectSection(ProjectDependencies) = postProject
		{D7555BA5-692B-454C-AD9A-B5E2FE782E56} = {D7555BA5-692B-454C-AD9A-B5E2FE782E56}
	EndProjectSection
EndProject
Project("{8BC9CEB8-8B4A-11D0-8D11-00A0C91BC942}") = "GeometryGenerator", "GeometryGenerator\GeometryGenerator.vcxproj", "{0FB8C24B-EF27-4247-BA36-F8B54BC4E995}"
	ProjectSection(ProjectDependencies) = postProject
		{D7555BA5-692B-454C-AD9A-B5E2FE782E56} = {D7555BA5-692B-454C-AD9A-B5E2FE782E56}
	EndProjectSection
EndProject
Project("{8BC9CEB8-8B4A-11D0-8D11-00A0C91BC942}") = "ShaderManager", "ShaderManager\ShaderManager.vcxproj", "{53A77E9B-6835-4738-927B-9B5AF765A40C}"
	ProjectSection(ProjectDependencies) = postProject
		{D7555BA5-692B-454C-AD9A-B5E2FE782E56} = {D7555BA5-692B-454C-AD9A-B5E2FE782E56}
	EndProjectSection
EndProject
Project("{8BC9CEB8-8B4A-11D0-8D11-00A0C91BC942}") = "ResourceManager", "ResourceManager\ResourceManager.vcxproj", "{ED8231FF-791A-4C2F-9FE2-B49DEE3A9F79}"
	ProjectSection(ProjectDependencies) = postProject
		{478DA31D-DC5E-40A3-B833-0FD986A46CEF} = {478DA31D-DC5E-40A3-B833-0FD986A46CEF}
		{E866785E-DE8B-4B20-9F19-671CF5400F02} = {E866785E-DE8B-4B20-9F19-671CF5400F02}
		{26E8E474-F6D6-4098-ADA9-C082F533E911} = {26E8E474-F6D6-4098-ADA9-C082F533E911}
		{D7555BA5-692B-454C-AD9A-B5E2FE782E56} = {D7555BA5-692B-454C-AD9A-B5E2FE782E56}
		{C7E94DAC-F9E2-4998-99EE-0F9B51FAC66B} = {C7E94DAC-F9E2-4998-99EE-0F9B51FAC66B}
		{E291FCBB-DCEB-460A-99F5-564733CA28B8} = {E291FCBB-DCEB-460A-99F5-564733CA28B8}
	EndProjectSection
EndProject
Project("{8BC9CEB8-8B4A-11D0-8D11-00A0C91BC942}") = "PSOManager", "PSOManager\PSOManager.vcxproj", "{7E68B999-B644-4EAC-AD51-E9B37A64F683}"
	ProjectSection(ProjectDependencies) = postProject
		{E866785E-DE8B-4B20-9F19-671CF5400F02} = {E866785E-DE8B-4B20-9F19-671CF5400F02}
		{53A77E9B-6835-4738-927B-9B5AF765A40C} = {53A77E9B-6835-4738-927B-9B5AF765A40C}
		{D7555BA5-692B-454C-AD9A-B5E2FE782E56} = {D7555BA5-692B-454C-AD9A-B5E2FE782E56}
		{C7E94DAC-F9E2-4998-99EE-0F9B51FAC66B} = {C7E94DAC-F9E2-4998-99EE-0F9B51FAC66B}
	EndProjectSection
EndProject
Project("{8BC9CEB8-8B4A-11D0-8D11-00A0C91BC942}") = "RootSignatureManager", "RootSignatureManager\RootSignatureManager.vcxproj", "{785C0C32-B913-41A5-B676-190C706CE2F9}"
	ProjectSection(ProjectDependencies) = postProject
		{E866785E-DE8B-4B20-9F19-671CF5400F02} = {E866785E-DE8B-4B20-9F19-671CF5400F02}
		{D7555BA5-692B-454C-AD9A-B5E2FE782E56} = {D7555BA5-692B-454C-AD9A-B5E2FE782E56}
	EndProjectSection
EndProject
Project("{8BC9CEB8-8B4A-11D0-8D11-00A0C91BC942}") = "CommandManager", "CommandManager\CommandManager.vcxproj", "{6D4A9E3B-D5D5-4031-9E4F-36BD9FE9914A}"
	ProjectSection(ProjectDependencies) = postProject
		{E866785E-DE8B-4B20-9F19-671CF5400F02} = {E866785E-DE8B-4B20-9F19-671CF5400F02}
		{D7555BA5-692B-454C-AD9A-B5E2FE782E56} = {D7555BA5-692B-454C-AD9A-B5E2FE782E56}
		{E291FCBB-DCEB-460A-99F5-564733CA28B8} = {E291FCBB-DCEB-460A-99F5-564733CA28B8}
	EndProjectSection
EndProject
Project("{8BC9CEB8-8B4A-11D0-8D11-00A0C91BC942}") = "Scene", "Scene\Scene.vcxproj", "{B195D08A-7191-4682-A9FD-4D0337B52AD1}"
	ProjectSection(ProjectDependencies) = postProject
		{267F9300-6C46-4B60-8FA2-31F6DE9765C9} = {267F9300-6C46-4B60-8FA2-31F6DE9765C9}
		{E6EE90EB-5E2F-46A8-999C-F087EBC76B06} = {E6EE90EB-5E2F-46A8-999C-F087EBC76B06}
	EndProjectSection
EndProject
Project("{8BC9CEB8-8B4A-11D0-8D11-00A0C91BC942}") = "ModelManager", "ModelManager\ModelManager.vcxproj", "{C46829C3-0991-48CB-8103-780A52D0EA2C}"
	ProjectSection(ProjectDependencies) = postProject
		{0FB8C24B-EF27-4247-BA36-F8B54BC4E995} = {0FB8C24B-EF27-4247-BA36-F8B54BC4E995}
		{D7555BA5-692B-454C-AD9A-B5E2FE782E56} = {D7555BA5-692B-454C-AD9A-B5E2FE782E56}
		{ED8231FF-791A-4C2F-9FE2-B49DEE3A9F79} = {ED8231FF-791A-4C2F-9FE2-B49DEE3A9F79}
	EndProjectSection
EndProject
Project("{8BC9CEB8-8B4A-11D0-8D11-00A0C91BC942}") = "GeometryPass", "GeometryPass\GeometryPass.vcxproj", "{267F9300-6C46-4B60-8FA2-31F6DE9765C9}"
	ProjectSection(ProjectDependencies) = postProject
		{478DA31D-DC5E-40A3-B833-0FD986A46CEF} = {478DA31D-DC5E-40A3-B833-0FD986A46CEF}
		{1928BD2F-364B-4EE6-85FE-C989A985D1E7} = {1928BD2F-364B-4EE6-85FE-C989A985D1E7}
		{785C0C32-B913-41A5-B676-190C706CE2F9} = {785C0C32-B913-41A5-B676-190C706CE2F9}
		{6D4A9E3B-D5D5-4031-9E4F-36BD9FE9914A} = {6D4A9E3B-D5D5-4031-9E4F-36BD9FE9914A}
		{E866785E-DE8B-4B20-9F19-671CF5400F02} = {E866785E-DE8B-4B20-9F19-671CF5400F02}
		{20EFFD71-17C3-4604-A248-C0F73B49E039} = {20EFFD71-17C3-4604-A248-C0F73B49E039}
		{26E8E474-F6D6-4098-ADA9-C082F533E911} = {26E8E474-F6D6-4098-ADA9-C082F533E911}
		{53A77E9B-6835-4738-927B-9B5AF765A40C} = {53A77E9B-6835-4738-927B-9B5AF765A40C}
		{D7555BA5-692B-454C-AD9A-B5E2FE782E56} = {D7555BA5-692B-454C-AD9A-B5E2FE782E56}
		{C7E94DAC-F9E2-4998-99EE-0F9B51FAC66B} = {C7E94DAC-F9E2-4998-99EE-0F9B51FAC66B}
		{1E01CBE5-ED1C-4729-BD64-7E2FDA932A6C} = {1E01CBE5-ED1C-4729-BD64-7E2FDA932A6C}
		{ED8231FF-791A-4C2F-9FE2-B49DEE3A9F79} = {ED8231FF-791A-4C2F-9FE2-B49DEE3A9F79}
	EndProjectSection
EndProject
Project("{8BC9CEB8-8B4A-11D0-8D11-00A0C91BC942}") = "SkyBoxPass", "SkyBoxPass\SkyBoxPass.vcxproj", "{B523BDA7-4708-44A9-8B2D-89FB2DAB5474}"
	ProjectSection(ProjectDependencies) = postProject
		{478DA31D-DC5E-40A3-B833-0FD986A46CEF} = {478DA31D-DC5E-40A3-B833-0FD986A46CEF}
		{1928BD2F-364B-4EE6-85FE-C989A985D1E7} = {1928BD2F-364B-4EE6-85FE-C989A985D1E7}
		{785C0C32-B913-41A5-B676-190C706CE2F9} = {785C0C32-B913-41A5-B676-190C706CE2F9}
		{6D4A9E3B-D5D5-4031-9E4F-36BD9FE9914A} = {6D4A9E3B-D5D5-4031-9E4F-36BD9FE9914A}
		{E866785E-DE8B-4B20-9F19-671CF5400F02} = {E866785E-DE8B-4B20-9F19-671CF5400F02}
		{20EFFD71-17C3-4604-A248-C0F73B49E039} = {20EFFD71-17C3-4604-A248-C0F73B49E039}
		{26E8E474-F6D6-4098-ADA9-C082F533E911} = {26E8E474-F6D6-4098-ADA9-C082F533E911}
		{7E68B999-B644-4EAC-AD51-E9B37A64F683} = {7E68B999-B644-4EAC-AD51-E9B37A64F683}
		{53A77E9B-6835-4738-927B-9B5AF765A40C} = {53A77E9B-6835-4738-927B-9B5AF765A40C}
		{D7555BA5-692B-454C-AD9A-B5E2FE782E56} = {D7555BA5-692B-454C-AD9A-B5E2FE782E56}
		{C7E94DAC-F9E2-4998-99EE-0F9B51FAC66B} = {C7E94DAC-F9E2-4998-99EE-0F9B51FAC66B}
		{C46829C3-0991-48CB-8103-780A52D0EA2C} = {C46829C3-0991-48CB-8103-780A52D0EA2C}
		{ED8231FF-791A-4C2F-9FE2-B49DEE3A9F79} = {ED8231FF-791A-4C2F-9FE2-B49DEE3A9F79}
	EndProjectSection
EndProject
Project("{8BC9CEB8-8B4A-11D0-8D11-00A0C91BC942}") = "ToneMappingPass", "ToneMappingPass\ToneMappingPass.vcxproj", "{0398A475-223D-49B8-82B5-9EA44CF5B1E5}"
	ProjectSection(ProjectDependencies) = postProject
		{478DA31D-DC5E-40A3-B833-0FD986A46CEF} = {478DA31D-DC5E-40A3-B833-0FD986A46CEF}
		{1928BD2F-364B-4EE6-85FE-C989A985D1E7} = {1928BD2F-364B-4EE6-85FE-C989A985D1E7}
		{785C0C32-B913-41A5-B676-190C706CE2F9} = {785C0C32-B913-41A5-B676-190C706CE2F9}
		{6D4A9E3B-D5D5-4031-9E4F-36BD9FE9914A} = {6D4A9E3B-D5D5-4031-9E4F-36BD9FE9914A}
		{20EFFD71-17C3-4604-A248-C0F73B49E039} = {20EFFD71-17C3-4604-A248-C0F73B49E039}
		{26E8E474-F6D6-4098-ADA9-C082F533E911} = {26E8E474-F6D6-4098-ADA9-C082F533E911}
		{7E68B999-B644-4EAC-AD51-E9B37A64F683} = {7E68B999-B644-4EAC-AD51-E9B37A64F683}
		{53A77E9B-6835-4738-927B-9B5AF765A40C} = {53A77E9B-6835-4738-927B-9B5AF765A40C}
		{D7555BA5-692B-454C-AD9A-B5E2FE782E56} = {D7555BA5-692B-454C-AD9A-B5E2FE782E56}
		{C7E94DAC-F9E2-4998-99EE-0F9B51FAC66B} = {C7E94DAC-F9E2-4998-99EE-0F9B51FAC66B}
		{1E01CBE5-ED1C-4729-BD64-7E2FDA932A6C} = {1E01CBE5-ED1C-4729-BD64-7E2FDA932A6C}
		{ED8231FF-791A-4C2F-9FE2-B49DEE3A9F79} = {ED8231FF-791A-4C2F-9FE2-B49DEE3A9F79}
	EndProjectSection
EndProject
Project("{8BC9CEB8-8B4A-11D0-8D11-00A0C91BC942}") = "ShaderUtils", "ShaderUtils\ShaderUtils.vcxproj", "{26E8E474-F6D6-4098-ADA9-C082F533E911}"
	ProjectSection(ProjectDependencies) = postProject
		{20EFFD71-17C3-4604-A248-C0F73B49E039} = {20EFFD71-17C3-4604-A248-C0F73B49E039}
	EndProjectSection
EndProject
Project("{8BC9CEB8-8B4A-11D0-8D11-00A0C91BC942}") = "CommandListExecutor", "CommandListExecutor\CommandListExecutor.vcxproj", "{1928BD2F-364B-4EE6-85FE-C989A985D1E7}"
	ProjectSection(ProjectDependencies) = postProject
		{6D4A9E3B-D5D5-4031-9E4F-36BD9FE9914A} = {6D4A9E3B-D5D5-4031-9E4F-36BD9FE9914A}
		{D7555BA5-692B-454C-AD9A-B5E2FE782E56} = {D7555BA5-692B-454C-AD9A-B5E2FE782E56}
	EndProjectSection
EndProject
Project("{8BC9CEB8-8B4A-11D0-8D11-00A0C91BC942}") = "DescriptorManager", "DescriptorManager\DescriptorManager.vcxproj", "{1E01CBE5-ED1C-4729-BD64-7E2FDA932A6C}"
	ProjectSection(ProjectDependencies) = postProject
		{E866785E-DE8B-4B20-9F19-671CF5400F02} = {E866785E-DE8B-4B20-9F19-671CF5400F02}
		{D7555BA5-692B-454C-AD9A-B5E2FE782E56} = {D7555BA5-692B-454C-AD9A-B5E2FE782E56}
		{C7E94DAC-F9E2-4998-99EE-0F9B51FAC66B} = {C7E94DAC-F9E2-4998-99EE-0F9B51FAC66B}
	EndProjectSection
EndProject
Project("{8BC9CEB8-8B4A-11D0-8D11-00A0C91BC942}") = "PostProcessPass", "PostProcessPass\PostProcessPass.vcxproj", "{076B3F43-F21B-40BD-B153-EC55228CD090}"
	ProjectSection(ProjectDependencies) = postProject
		{478DA31D-DC5E-40A3-B833-0FD986A46CEF} = {478DA31D-DC5E-40A3-B833-0FD986A46CEF}
		{1928BD2F-364B-4EE6-85FE-C989A985D1E7} = {1928BD2F-364B-4EE6-85FE-C989A985D1E7}
		{785C0C32-B913-41A5-B676-190C706CE2F9} = {785C0C32-B913-41A5-B676-190C706CE2F9}
		{6D4A9E3B-D5D5-4031-9E4F-36BD9FE9914A} = {6D4A9E3B-D5D5-4031-9E4F-36BD9FE9914A}
		{7E68B999-B644-4EAC-AD51-E9B37A64F683} = {7E68B999-B644-4EAC-AD51-E9B37A64F683}
		{53A77E9B-6835-4738-927B-9B5AF765A40C} = {53A77E9B-6835-4738-927B-9B5AF765A40C}
		{D7555BA5-692B-454C-AD9A-B5E2FE782E56} = {D7555BA5-692B-454C-AD9A-B5E2FE782E56}
		{C7E94DAC-F9E2-4998-99EE-0F9B51FAC66B} = {C7E94DAC-F9E2-4998-99EE-0F9B51FAC66B}
		{1E01CBE5-ED1C-4729-BD64-7E2FDA932A6C} = {1E01CBE5-ED1C-4729-BD64-7E2FDA932A6C}
	EndProjectSection
EndProject
Project("{8BC9CEB8-8B4A-11D0-8D11-00A0C91BC942}") = "ResourceStateManager", "ResourceStateManager\ResourceStateManager.vcxproj", "{478DA31D-DC5E-40A3-B833-0FD986A46CEF}"
	ProjectSection(ProjectDependencies) = postProject
		{D7555BA5-692B-454C-AD9A-B5E2FE782E56} = {D7555BA5-692B-454C-AD9A-B5E2FE782E56}
		{C7E94DAC-F9E2-4998-99EE-0F9B51FAC66B} = {C7E94DAC-F9E2-4998-99EE-0F9B51FAC66B}
	EndProjectSection
EndProject
Project("{8BC9CEB8-8B4A-11D0-8D11-00A0C91BC942}") = "DirectXManager", "DirectXManager\DirectXManager.vcxproj", "{E866785E-DE8B-4B20-9F19-671CF5400F02}"
	ProjectSection(ProjectDependencies) = postProject
		{D7555BA5-692B-454C-AD9A-B5E2FE782E56} = {D7555BA5-692B-454C-AD9A-B5E2FE782E56}
		{E291FCBB-DCEB-460A-99F5-564733CA28B8} = {E291FCBB-DCEB-460A-99F5-564733CA28B8}
	EndProjectSection
EndProject
Project("{8BC9CEB8-8B4A-11D0-8D11-00A0C91BC942}") = "SceneExecutor", "SceneExecutor\SceneExecutor.vcxproj", "{6049D839-EC2B-482B-948E-887437E86552}"
	ProjectSection(ProjectDependencies) = postProject
		{1928BD2F-364B-4EE6-85FE-C989A985D1E7} = {1928BD2F-364B-4EE6-85FE-C989A985D1E7}
		{4F315269-CB22-4AF6-BE08-B5BCC8D51350} = {4F315269-CB22-4AF6-BE08-B5BCC8D51350}
		{1AE8097C-B830-4107-9D1F-D1BE3333FE77} = {1AE8097C-B830-4107-9D1F-D1BE3333FE77}
		{B195D08A-7191-4682-A9FD-4D0337B52AD1} = {B195D08A-7191-4682-A9FD-4D0337B52AD1}
		{D7555BA5-692B-454C-AD9A-B5E2FE782E56} = {D7555BA5-692B-454C-AD9A-B5E2FE782E56}
		{CC8638C9-BEC2-49DC-89B3-0C51F6DDE9DA} = {CC8638C9-BEC2-49DC-89B3-0C51F6DDE9DA}
	EndProjectSection
EndProject
Project("{8BC9CEB8-8B4A-11D0-8D11-00A0C91BC942}") = "RenderManager", "RenderManager\RenderManager.vcxproj", "{4F315269-CB22-4AF6-BE08-B5BCC8D51350}"
	ProjectSection(ProjectDependencies) = postProject
		{478DA31D-DC5E-40A3-B833-0FD986A46CEF} = {478DA31D-DC5E-40A3-B833-0FD986A46CEF}
		{1928BD2F-364B-4EE6-85FE-C989A985D1E7} = {1928BD2F-364B-4EE6-85FE-C989A985D1E7}
		{6D4A9E3B-D5D5-4031-9E4F-36BD9FE9914A} = {6D4A9E3B-D5D5-4031-9E4F-36BD9FE9914A}
		{E54FC03E-C54A-46D6-9E3D-65FECEF7C5D4} = {E54FC03E-C54A-46D6-9E3D-65FECEF7C5D4}
		{076B3F43-F21B-40BD-B153-EC55228CD090} = {076B3F43-F21B-40BD-B153-EC55228CD090}
		{E866785E-DE8B-4B20-9F19-671CF5400F02} = {E866785E-DE8B-4B20-9F19-671CF5400F02}
		{26E8E474-F6D6-4098-ADA9-C082F533E911} = {26E8E474-F6D6-4098-ADA9-C082F533E911}
		{0398A475-223D-49B8-82B5-9EA44CF5B1E5} = {0398A475-223D-49B8-82B5-9EA44CF5B1E5}
		{B195D08A-7191-4682-A9FD-4D0337B52AD1} = {B195D08A-7191-4682-A9FD-4D0337B52AD1}
		{D7555BA5-692B-454C-AD9A-B5E2FE782E56} = {D7555BA5-692B-454C-AD9A-B5E2FE782E56}
		{B523BDA7-4708-44A9-8B2D-89FB2DAB5474} = {B523BDA7-4708-44A9-8B2D-89FB2DAB5474}
		{E291FCBB-DCEB-460A-99F5-564733CA28B8} = {E291FCBB-DCEB-460A-99F5-564733CA28B8}
		{CC8638C9-BEC2-49DC-89B3-0C51F6DDE9DA} = {CC8638C9-BEC2-49DC-89B3-0C51F6DDE9DA}
		{EED057CC-9080-435B-963B-C62CF4357144} = {EED057CC-9080-435B-963B-C62CF4357144}
		{1E01CBE5-ED1C-4729-BD64-7E2FDA932A6C} = {1E01CBE5-ED1C-4729-BD64-7E2FDA932A6C}
		{E6EE90EB-5E2F-46A8-999C-F087EBC76B06} = {E6EE90EB-5E2F-46A8-999C-F087EBC76B06}
		{FCFC08FF-3D32-41DA-9290-EF1B77ADF793} = {FCFC08FF-3D32-41DA-9290-EF1B77ADF793}
		{ED8231FF-791A-4C2F-9FE2-B49DEE3A9F79} = {ED8231FF-791A-4C2F-9FE2-B49DEE3A9F79}
	EndProjectSection
EndProject
Project("{8BC9CEB8-8B4A-11D0-8D11-00A0C91BC942}") = "EnvironmentLightPass", "EnvironmentLightPass\EnvironmentLightPass.vcxproj", "{FCFC08FF-3D32-41DA-9290-EF1B77ADF793}"
	ProjectSection(ProjectDependencies) = postProject
		{478DA31D-DC5E-40A3-B833-0FD986A46CEF} = {478DA31D-DC5E-40A3-B833-0FD986A46CEF}
		{1928BD2F-364B-4EE6-85FE-C989A985D1E7} = {1928BD2F-364B-4EE6-85FE-C989A985D1E7}
		{785C0C32-B913-41A5-B676-190C706CE2F9} = {785C0C32-B913-41A5-B676-190C706CE2F9}
		{6D4A9E3B-D5D5-4031-9E4F-36BD9FE9914A} = {6D4A9E3B-D5D5-4031-9E4F-36BD9FE9914A}
		{26E8E474-F6D6-4098-ADA9-C082F533E911} = {26E8E474-F6D6-4098-ADA9-C082F533E911}
		{7E68B999-B644-4EAC-AD51-E9B37A64F683} = {7E68B999-B644-4EAC-AD51-E9B37A64F683}
		{53A77E9B-6835-4738-927B-9B5AF765A40C} = {53A77E9B-6835-4738-927B-9B5AF765A40C}
		{D7555BA5-692B-454C-AD9A-B5E2FE782E56} = {D7555BA5-692B-454C-AD9A-B5E2FE782E56}
		{1E01CBE5-ED1C-4729-BD64-7E2FDA932A6C} = {1E01CBE5-ED1C-4729-BD64-7E2FDA932A6C}
		{ED8231FF-791A-4C2F-9FE2-B49DEE3A9F79} = {ED8231FF-791A-4C2F-9FE2-B49DEE3A9F79}
	EndProjectSection
EndProject
Project("{8BC9CEB8-8B4A-11D0-8D11-00A0C91BC942}") = "SceneLoader", "SceneLoader\SceneLoader.vcxproj", "{1AE8097C-B830-4107-9D1F-D1BE3333FE77}"
	ProjectSection(ProjectDependencies) = postProject
		{267F9300-6C46-4B60-8FA2-31F6DE9765C9} = {267F9300-6C46-4B60-8FA2-31F6DE9765C9}
		{1928BD2F-364B-4EE6-85FE-C989A985D1E7} = {1928BD2F-364B-4EE6-85FE-C989A985D1E7}
		{6D4A9E3B-D5D5-4031-9E4F-36BD9FE9914A} = {6D4A9E3B-D5D5-4031-9E4F-36BD9FE9914A}
		{20EFFD71-17C3-4604-A248-C0F73B49E039} = {20EFFD71-17C3-4604-A248-C0F73B49E039}
		{26E8E474-F6D6-4098-ADA9-C082F533E911} = {26E8E474-F6D6-4098-ADA9-C082F533E911}
		{B195D08A-7191-4682-A9FD-4D0337B52AD1} = {B195D08A-7191-4682-A9FD-4D0337B52AD1}
		{D7555BA5-692B-454C-AD9A-B5E2FE782E56} = {D7555BA5-692B-454C-AD9A-B5E2FE782E56}
		{C46829C3-0991-48CB-8103-780A52D0EA2C} = {C46829C3-0991-48CB-8103-780A52D0EA2C}
		{E6EE90EB-5E2F-46A8-999C-F087EBC76B06} = {E6EE90EB-5E2F-46A8-999C-F087EBC76B06}
		{ED8231FF-791A-4C2F-9FE2-B49DEE3A9F79} = {ED8231FF-791A-4C2F-9FE2-B49DEE3A9F79}
	EndProjectSection
EndProject
Project("{8BC9CEB8-8B4A-11D0-8D11-00A0C91BC942}") = "ApplicationSettings", "ApplicationSettings\ApplicationSettings.vcxproj", "{E291FCBB-DCEB-460A-99F5-564733CA28B8}"
EndProject
Project("{8BC9CEB8-8B4A-11D0-8D11-00A0C91BC942}") = "UnitTests", "UnitTests\UnitTests.vcxproj", "{F907D956-1B83-4B80-83B5-75FB2E80416E}"
	ProjectSection(ProjectDependencies) = postProject
		{267F9300-6C46-4B60-8FA2-31F6DE9765C9} = {267F9300-6C46-4B60-8FA2-31F6DE9765C9}
		{478DA31D-DC5E-40A3-B833-0FD986A46CEF} = {478DA31D-DC5E-40A3-B833-0FD986A46CEF}
		{1928BD2F-364B-4EE6-85FE-C989A985D1E7} = {1928BD2F-364B-4EE6-85FE-C989A985D1E7}
		{785C0C32-B913-41A5-B676-190C706CE2F9} = {785C0C32-B913-41A5-B676-190C706CE2F9}
		{6049D839-EC2B-482B-948E-887437E86552} = {6049D839-EC2B-482B-948E-887437E86552}
		{6D4A9E3B-D5D5-4031-9E4F-36BD9FE9914A} = {6D4A9E3B-D5D5-4031-9E4F-36BD9FE9914A}
		{076B3F43-F21B-40BD-B153-EC55228CD090} = {076B3F43-F21B-40BD-B153-EC55228CD090}
		{0FB8C24B-EF27-4247-BA36-F8B54BC4E995} = {0FB8C24B-EF27-4247-BA36-F8B54BC4E995}
		{E866785E-DE8B-4B20-9F19-671CF5400F02} = {E866785E-DE8B-4B20-9F19-671CF5400F02}
		{4F315269-CB22-4AF6-BE08-B5BCC8D51350} = {4F315269-CB22-4AF6-BE08-B5BCC8D51350}
		{20EFFD71-17C3-4604-A248-C0F73B49E039} = {20EFFD71-17C3-4604-A248-C0F73B49E039}
		{26E8E474-F6D6-4098-ADA9-C082F533E911} = {26E8E474-F6D6-4098-ADA9-C082F533E911}
		{0398A475-223D-49B8-82B5-9EA44CF5B1E5} = {0398A475-223D-49B8-82B5-9EA44CF5B1E5}
		{1AE8097C-B830-4107-9D1F-D1BE3333FE77} = {1AE8097C-B830-4107-9D1F-D1BE3333FE77}
		{B195D08A-7191-4682-A9FD-4D0337B52AD1} = {B195D08A-7191-4682-A9FD-4D0337B52AD1}
		{7E68B999-B644-4EAC-AD51-E9B37A64F683} = {7E68B999-B644-4EAC-AD51-E9B37A64F683}
		{53A77E9B-6835-4738-927B-9B5AF765A40C} = {53A77E9B-6835-4738-927B-9B5AF765A40C}
		{D7555BA5-692B-454C-AD9A-B5E2FE782E56} = {D7555BA5-692B-454C-AD9A-B5E2FE782E56}
		{B523BDA7-4708-44A9-8B2D-89FB2DAB5474} = {B523BDA7-4708-44A9-8B2D-89FB2DAB5474}
		{C7E94DAC-F9E2-4998-99EE-0F9B51FAC66B} = {C7E94DAC-F9E2-4998-99EE-0F9B51FAC66B}
		{E291FCBB-DCEB-460A-99F5-564733CA28B8} = {E291FCBB-DCEB-460A-99F5-564733CA28B8}
		{C46829C3-0991-48CB-8103-780A52D0EA2C} = {C46829C3-0991-48CB-8103-780A52D0EA2C}
		{CC8638C9-BEC2-49DC-89B3-0C51F6DDE9DA} = {CC8638C9-BEC2-49DC-89B3-0C51F6DDE9DA}
		{EED057CC-9080-435B-963B-C62CF4357144} = {EED057CC-9080-435B-963B-C62CF4357144}
		{1E01CBE5-ED1C-4729-BD64-7E2FDA932A6C} = {1E01CBE5-ED1C-4729-BD64-7E2FDA932A6C}
		{E6EE90EB-5E2F-46A8-999C-F087EBC76B06} = {E6EE90EB-5E2F-46A8-999C-F087EBC76B06}
		{FCFC08FF-3D32-41DA-9290-EF1B77ADF793} = {FCFC08FF-3D32-41DA-9290-EF1B77ADF793}
		{ED8231FF-791A-4C2F-9FE2-B49DEE3A9F79} = {ED8231FF-791A-4C2F-9FE2-B49DEE3A9F79}
	EndProjectSection
EndProject
Project("{8BC9CEB8-8B4A-11D0-8D11-00A0C91BC942}") = "ReflectionPass", "ReflectionPass\ReflectionPass.vcxproj", "{E54FC03E-C54A-46D6-9E3D-65FECEF7C5D4}"
	ProjectSection(ProjectDependencies) = postProject
		{478DA31D-DC5E-40A3-B833-0FD986A46CEF} = {478DA31D-DC5E-40A3-B833-0FD986A46CEF}
		{1928BD2F-364B-4EE6-85FE-C989A985D1E7} = {1928BD2F-364B-4EE6-85FE-C989A985D1E7}
		{6D4A9E3B-D5D5-4031-9E4F-36BD9FE9914A} = {6D4A9E3B-D5D5-4031-9E4F-36BD9FE9914A}
		{D7555BA5-692B-454C-AD9A-B5E2FE782E56} = {D7555BA5-692B-454C-AD9A-B5E2FE782E56}
		{C7E94DAC-F9E2-4998-99EE-0F9B51FAC66B} = {C7E94DAC-F9E2-4998-99EE-0F9B51FAC66B}
		{1E01CBE5-ED1C-4729-BD64-7E2FDA932A6C} = {1E01CBE5-ED1C-4729-BD64-7E2FDA932A6C}
		{ED8231FF-791A-4C2F-9FE2-B49DEE3A9F79} = {ED8231FF-791A-4C2F-9FE2-B49DEE3A9F79}
	EndProjectSection
EndProject
Global
	GlobalSection(SolutionConfigurationPlatforms) = preSolution
		Debug|x64 = Debug|x64
		Debug|x86 = Debug|x86
		Release|x64 = Release|x64
		Release|x86 = Release|x86
	EndGlobalSection
	GlobalSection(ProjectConfigurationPlatforms) = postSolution
		{4EAB39FD-5BFF-43D4-8E55-0F775433AF16}.Debug|x64.ActiveCfg = Debug|x64
		{4EAB39FD-5BFF-43D4-8E55-0F775433AF16}.Debug|x64.Build.0 = Debug|x64
		{4EAB39FD-5BFF-43D4-8E55-0F775433AF16}.Debug|x86.ActiveCfg = Debug|Win32
		{4EAB39FD-5BFF-43D4-8E55-0F775433AF16}.Debug|x86.Build.0 = Debug|Win32
		{4EAB39FD-5BFF-43D4-8E55-0F775433AF16}.Release|x64.ActiveCfg = Release|x64
		{4EAB39FD-5BFF-43D4-8E55-0F775433AF16}.Release|x64.Build.0 = Release|x64
		{4EAB39FD-5BFF-43D4-8E55-0F775433AF16}.Release|x86.ActiveCfg = Release|Win32
		{4EAB39FD-5BFF-43D4-8E55-0F775433AF16}.Release|x86.Build.0 = Release|Win32
		{EED057CC-9080-435B-963B-C62CF4357144}.Debug|x64.ActiveCfg = Debug|x64
		{EED057CC-9080-435B-963B-C62CF4357144}.Debug|x64.Build.0 = Debug|x64
		{EED057CC-9080-435B-963B-C62CF4357144}.Debug|x86.ActiveCfg = Debug|Win32
		{EED057CC-9080-435B-963B-C62CF4357144}.Debug|x86.Build.0 = Debug|Win32
		{EED057CC-9080-435B-963B-C62CF4357144}.Release|x64.ActiveCfg = Release|x64
		{EED057CC-9080-435B-963B-C62CF4357144}.Release|x64.Build.0 = Release|x64
		{EED057CC-9080-435B-963B-C62CF4357144}.Release|x86.ActiveCfg = Release|Win32
		{EED057CC-9080-435B-963B-C62CF4357144}.Release|x86.Build.0 = Release|Win32
		{C7E94DAC-F9E2-4998-99EE-0F9B51FAC66B}.Debug|x64.ActiveCfg = Debug|x64
		{C7E94DAC-F9E2-4998-99EE-0F9B51FAC66B}.Debug|x64.Build.0 = Debug|x64
		{C7E94DAC-F9E2-4998-99EE-0F9B51FAC66B}.Debug|x86.ActiveCfg = Debug|Win32
		{C7E94DAC-F9E2-4998-99EE-0F9B51FAC66B}.Debug|x86.Build.0 = Debug|Win32
		{C7E94DAC-F9E2-4998-99EE-0F9B51FAC66B}.Release|x64.ActiveCfg = Release|x64
		{C7E94DAC-F9E2-4998-99EE-0F9B51FAC66B}.Release|x64.Build.0 = Release|x64
		{C7E94DAC-F9E2-4998-99EE-0F9B51FAC66B}.Release|x86.ActiveCfg = Release|Win32
		{C7E94DAC-F9E2-4998-99EE-0F9B51FAC66B}.Release|x86.Build.0 = Release|Win32
		{E6EE90EB-5E2F-46A8-999C-F087EBC76B06}.Debug|x64.ActiveCfg = Debug|x64
		{E6EE90EB-5E2F-46A8-999C-F087EBC76B06}.Debug|x64.Build.0 = Debug|x64
		{E6EE90EB-5E2F-46A8-999C-F087EBC76B06}.Debug|x86.ActiveCfg = Debug|Win32
		{E6EE90EB-5E2F-46A8-999C-F087EBC76B06}.Debug|x86.Build.0 = Debug|Win32
		{E6EE90EB-5E2F-46A8-999C-F087EBC76B06}.Release|x64.ActiveCfg = Release|x64
		{E6EE90EB-5E2F-46A8-999C-F087EBC76B06}.Release|x64.Build.0 = Release|x64
		{E6EE90EB-5E2F-46A8-999C-F087EBC76B06}.Release|x86.ActiveCfg = Release|Win32
		{E6EE90EB-5E2F-46A8-999C-F087EBC76B06}.Release|x86.Build.0 = Release|Win32
		{20EFFD71-17C3-4604-A248-C0F73B49E039}.Debug|x64.ActiveCfg = Debug|x64
		{20EFFD71-17C3-4604-A248-C0F73B49E039}.Debug|x64.Build.0 = Debug|x64
		{20EFFD71-17C3-4604-A248-C0F73B49E039}.Debug|x86.ActiveCfg = Debug|Win32
		{20EFFD71-17C3-4604-A248-C0F73B49E039}.Debug|x86.Build.0 = Debug|Win32
		{20EFFD71-17C3-4604-A248-C0F73B49E039}.Release|x64.ActiveCfg = Release|x64
		{20EFFD71-17C3-4604-A248-C0F73B49E039}.Release|x64.Build.0 = Release|x64
		{20EFFD71-17C3-4604-A248-C0F73B49E039}.Release|x86.ActiveCfg = Release|Win32
		{20EFFD71-17C3-4604-A248-C0F73B49E039}.Release|x86.Build.0 = Release|Win32
		{D7555BA5-692B-454C-AD9A-B5E2FE782E56}.Debug|x64.ActiveCfg = Debug|x64
		{D7555BA5-692B-454C-AD9A-B5E2FE782E56}.Debug|x64.Build.0 = Debug|x64
		{D7555BA5-692B-454C-AD9A-B5E2FE782E56}.Debug|x86.ActiveCfg = Debug|Win32
		{D7555BA5-692B-454C-AD9A-B5E2FE782E56}.Debug|x86.Build.0 = Debug|Win32
		{D7555BA5-692B-454C-AD9A-B5E2FE782E56}.Release|x64.ActiveCfg = Release|x64
		{D7555BA5-692B-454C-AD9A-B5E2FE782E56}.Release|x64.Build.0 = Release|x64
		{D7555BA5-692B-454C-AD9A-B5E2FE782E56}.Release|x86.ActiveCfg = Release|Win32
		{D7555BA5-692B-454C-AD9A-B5E2FE782E56}.Release|x86.Build.0 = Release|Win32
		{CC8638C9-BEC2-49DC-89B3-0C51F6DDE9DA}.Debug|x64.ActiveCfg = Debug|x64
		{CC8638C9-BEC2-49DC-89B3-0C51F6DDE9DA}.Debug|x64.Build.0 = Debug|x64
		{CC8638C9-BEC2-49DC-89B3-0C51F6DDE9DA}.Debug|x86.ActiveCfg = Debug|Win32
		{CC8638C9-BEC2-49DC-89B3-0C51F6DDE9DA}.Debug|x86.Build.0 = Debug|Win32
		{CC8638C9-BEC2-49DC-89B3-0C51F6DDE9DA}.Release|x64.ActiveCfg = Release|x64
		{CC8638C9-BEC2-49DC-89B3-0C51F6DDE9DA}.Release|x64.Build.0 = Release|x64
		{CC8638C9-BEC2-49DC-89B3-0C51F6DDE9DA}.Release|x86.ActiveCfg = Release|Win32
		{CC8638C9-BEC2-49DC-89B3-0C51F6DDE9DA}.Release|x86.Build.0 = Release|Win32
		{0FB8C24B-EF27-4247-BA36-F8B54BC4E995}.Debug|x64.ActiveCfg = Debug|x64
		{0FB8C24B-EF27-4247-BA36-F8B54BC4E995}.Debug|x64.Build.0 = Debug|x64
		{0FB8C24B-EF27-4247-BA36-F8B54BC4E995}.Debug|x86.ActiveCfg = Debug|Win32
		{0FB8C24B-EF27-4247-BA36-F8B54BC4E995}.Debug|x86.Build.0 = Debug|Win32
		{0FB8C24B-EF27-4247-BA36-F8B54BC4E995}.Release|x64.ActiveCfg = Release|x64
		{0FB8C24B-EF27-4247-BA36-F8B54BC4E995}.Release|x64.Build.0 = Release|x64
		{0FB8C24B-EF27-4247-BA36-F8B54BC4E995}.Release|x86.ActiveCfg = Release|Win32
		{0FB8C24B-EF27-4247-BA36-F8B54BC4E995}.Release|x86.Build.0 = Release|Win32
		{53A77E9B-6835-4738-927B-9B5AF765A40C}.Debug|x64.ActiveCfg = Debug|x64
		{53A77E9B-6835-4738-927B-9B5AF765A40C}.Debug|x64.Build.0 = Debug|x64
		{53A77E9B-6835-4738-927B-9B5AF765A40C}.Debug|x86.ActiveCfg = Debug|Win32
		{53A77E9B-6835-4738-927B-9B5AF765A40C}.Debug|x86.Build.0 = Debug|Win32
		{53A77E9B-6835-4738-927B-9B5AF765A40C}.Release|x64.ActiveCfg = Release|x64
		{53A77E9B-6835-4738-927B-9B5AF765A40C}.Release|x64.Build.0 = Release|x64
		{53A77E9B-6835-4738-927B-9B5AF765A40C}.Release|x86.ActiveCfg = Release|Win32
		{53A77E9B-6835-4738-927B-9B5AF765A40C}.Release|x86.Build.0 = Release|Win32
		{ED8231FF-791A-4C2F-9FE2-B49DEE3A9F79}.Debug|x64.ActiveCfg = Debug|x64
		{ED8231FF-791A-4C2F-9FE2-B49DEE3A9F79}.Debug|x64.Build.0 = Debug|x64
		{ED8231FF-791A-4C2F-9FE2-B49DEE3A9F79}.Debug|x86.ActiveCfg = Debug|Win32
		{ED8231FF-791A-4C2F-9FE2-B49DEE3A9F79}.Debug|x86.Build.0 = Debug|Win32
		{ED8231FF-791A-4C2F-9FE2-B49DEE3A9F79}.Release|x64.ActiveCfg = Release|x64
		{ED8231FF-791A-4C2F-9FE2-B49DEE3A9F79}.Release|x64.Build.0 = Release|x64
		{ED8231FF-791A-4C2F-9FE2-B49DEE3A9F79}.Release|x86.ActiveCfg = Release|Win32
		{ED8231FF-791A-4C2F-9FE2-B49DEE3A9F79}.Release|x86.Build.0 = Release|Win32
		{7E68B999-B644-4EAC-AD51-E9B37A64F683}.Debug|x64.ActiveCfg = Debug|x64
		{7E68B999-B644-4EAC-AD51-E9B37A64F683}.Debug|x64.Build.0 = Debug|x64
		{7E68B999-B644-4EAC-AD51-E9B37A64F683}.Debug|x86.ActiveCfg = Debug|Win32
		{7E68B999-B644-4EAC-AD51-E9B37A64F683}.Debug|x86.Build.0 = Debug|Win32
		{7E68B999-B644-4EAC-AD51-E9B37A64F683}.Release|x64.ActiveCfg = Release|x64
		{7E68B999-B644-4EAC-AD51-E9B37A64F683}.Release|x64.Build.0 = Release|x64
		{7E68B999-B644-4EAC-AD51-E9B37A64F683}.Release|x86.ActiveCfg = Release|Win32
		{7E68B999-B644-4EAC-AD51-E9B37A64F683}.Release|x86.Build.0 = Release|Win32
		{785C0C32-B913-41A5-B676-190C706CE2F9}.Debug|x64.ActiveCfg = Debug|x64
		{785C0C32-B913-41A5-B676-190C706CE2F9}.Debug|x64.Build.0 = Debug|x64
		{785C0C32-B913-41A5-B676-190C706CE2F9}.Debug|x86.ActiveCfg = Debug|Win32
		{785C0C32-B913-41A5-B676-190C706CE2F9}.Debug|x86.Build.0 = Debug|Win32
		{785C0C32-B913-41A5-B676-190C706CE2F9}.Release|x64.ActiveCfg = Release|x64
		{785C0C32-B913-41A5-B676-190C706CE2F9}.Release|x64.Build.0 = Release|x64
		{785C0C32-B913-41A5-B676-190C706CE2F9}.Release|x86.ActiveCfg = Release|Win32
		{785C0C32-B913-41A5-B676-190C706CE2F9}.Release|x86.Build.0 = Release|Win32
		{6D4A9E3B-D5D5-4031-9E4F-36BD9FE9914A}.Debug|x64.ActiveCfg = Debug|x64
		{6D4A9E3B-D5D5-4031-9E4F-36BD9FE9914A}.Debug|x64.Build.0 = Debug|x64
		{6D4A9E3B-D5D5-4031-9E4F-36BD9FE9914A}.Debug|x86.ActiveCfg = Debug|Win32
		{6D4A9E3B-D5D5-4031-9E4F-36BD9FE9914A}.Debug|x86.Build.0 = Debug|Win32
		{6D4A9E3B-D5D5-4031-9E4F-36BD9FE9914A}.Release|x64.ActiveCfg = Release|x64
		{6D4A9E3B-D5D5-4031-9E4F-36BD9FE9914A}.Release|x64.Build.0 = Release|x64
		{6D4A9E3B-D5D5-4031-9E4F-36BD9FE9914A}.Release|x86.ActiveCfg = Release|Win32
		{6D4A9E3B-D5D5-4031-9E4F-36BD9FE9914A}.Release|x86.Build.0 = Release|Win32
		{B195D08A-7191-4682-A9FD-4D0337B52AD1}.Debug|x64.ActiveCfg = Debug|x64
		{B195D08A-7191-4682-A9FD-4D0337B52AD1}.Debug|x64.Build.0 = Debug|x64
		{B195D08A-7191-4682-A9FD-4D0337B52AD1}.Debug|x86.ActiveCfg = Debug|Win32
		{B195D08A-7191-4682-A9FD-4D0337B52AD1}.Debug|x86.Build.0 = Debug|Win32
		{B195D08A-7191-4682-A9FD-4D0337B52AD1}.Release|x64.ActiveCfg = Release|x64
		{B195D08A-7191-4682-A9FD-4D0337B52AD1}.Release|x64.Build.0 = Release|x64
		{B195D08A-7191-4682-A9FD-4D0337B52AD1}.Release|x86.ActiveCfg = Release|Win32
		{B195D08A-7191-4682-A9FD-4D0337B52AD1}.Release|x86.Build.0 = Release|Win32
		{C46829C3-0991-48CB-8103-780A52D0EA2C}.Debug|x64.ActiveCfg = Debug|x64
		{C46829C3-0991-48CB-8103-780A52D0EA2C}.Debug|x64.Build.0 = Debug|x64
		{C46829C3-0991-48CB-8103-780A52D0EA2C}.Debug|x86.ActiveCfg = Debug|Win32
		{C46829C3-0991-48CB-8103-780A52D0EA2C}.Debug|x86.Build.0 = Debug|Win32
		{C46829C3-0991-48CB-8103-780A52D0EA2C}.Release|x64.ActiveCfg = Release|x64
		{C46829C3-0991-48CB-8103-780A52D0EA2C}.Release|x64.Build.0 = Release|x64
		{C46829C3-0991-48CB-8103-780A52D0EA2C}.Release|x86.ActiveCfg = Release|Win32
		{C46829C3-0991-48CB-8103-780A52D0EA2C}.Release|x86.Build.0 = Release|Win32
		{267F9300-6C46-4B60-8FA2-31F6DE9765C9}.Debug|x64.ActiveCfg = Debug|x64
		{267F9300-6C46-4B60-8FA2-31F6DE9765C9}.Debug|x64.Build.0 = Debug|x64
		{267F9300-6C46-4B60-8FA2-31F6DE9765C9}.Debug|x86.ActiveCfg = Debug|Win32
		{267F9300-6C46-4B60-8FA2-31F6DE9765C9}.Debug|x86.Build.0 = Debug|Win32
		{267F9300-6C46-4B60-8FA2-31F6DE9765C9}.Release|x64.ActiveCfg = Release|x64
		{267F9300-6C46-4B60-8FA2-31F6DE9765C9}.Release|x64.Build.0 = Release|x64
		{267F9300-6C46-4B60-8FA2-31F6DE9765C9}.Release|x86.ActiveCfg = Release|Win32
		{267F9300-6C46-4B60-8FA2-31F6DE9765C9}.Release|x86.Build.0 = Release|Win32
		{B523BDA7-4708-44A9-8B2D-89FB2DAB5474}.Debug|x64.ActiveCfg = Debug|x64
		{B523BDA7-4708-44A9-8B2D-89FB2DAB5474}.Debug|x64.Build.0 = Debug|x64
		{B523BDA7-4708-44A9-8B2D-89FB2DAB5474}.Debug|x86.ActiveCfg = Debug|Win32
		{B523BDA7-4708-44A9-8B2D-89FB2DAB5474}.Debug|x86.Build.0 = Debug|Win32
		{B523BDA7-4708-44A9-8B2D-89FB2DAB5474}.Release|x64.ActiveCfg = Release|x64
		{B523BDA7-4708-44A9-8B2D-89FB2DAB5474}.Release|x64.Build.0 = Release|x64
		{B523BDA7-4708-44A9-8B2D-89FB2DAB5474}.Release|x86.ActiveCfg = Release|Win32
		{B523BDA7-4708-44A9-8B2D-89FB2DAB5474}.Release|x86.Build.0 = Release|Win32
		{0398A475-223D-49B8-82B5-9EA44CF5B1E5}.Debug|x64.ActiveCfg = Debug|x64
		{0398A475-223D-49B8-82B5-9EA44CF5B1E5}.Debug|x64.Build.0 = Debug|x64
		{0398A475-223D-49B8-82B5-9EA44CF5B1E5}.Debug|x86.ActiveCfg = Debug|Win32
		{0398A475-223D-49B8-82B5-9EA44CF5B1E5}.Debug|x86.Build.0 = Debug|Win32
		{0398A475-223D-49B8-82B5-9EA44CF5B1E5}.Release|x64.ActiveCfg = Release|x64
		{0398A475-223D-49B8-82B5-9EA44CF5B1E5}.Release|x64.Build.0 = Release|x64
		{0398A475-223D-49B8-82B5-9EA44CF5B1E5}.Release|x86.ActiveCfg = Release|Win32
		{0398A475-223D-49B8-82B5-9EA44CF5B1E5}.Release|x86.Build.0 = Release|Win32
		{26E8E474-F6D6-4098-ADA9-C082F533E911}.Debug|x64.ActiveCfg = Debug|x64
		{26E8E474-F6D6-4098-ADA9-C082F533E911}.Debug|x64.Build.0 = Debug|x64
		{26E8E474-F6D6-4098-ADA9-C082F533E911}.Debug|x86.ActiveCfg = Debug|Win32
		{26E8E474-F6D6-4098-ADA9-C082F533E911}.Debug|x86.Build.0 = Debug|Win32
		{26E8E474-F6D6-4098-ADA9-C082F533E911}.Release|x64.ActiveCfg = Release|x64
		{26E8E474-F6D6-4098-ADA9-C082F533E911}.Release|x64.Build.0 = Release|x64
		{26E8E474-F6D6-4098-ADA9-C082F533E911}.Release|x86.ActiveCfg = Release|Win32
		{26E8E474-F6D6-4098-ADA9-C082F533E911}.Release|x86.Build.0 = Release|Win32
		{1928BD2F-364B-4EE6-85FE-C989A985D1E7}.Debug|x64.ActiveCfg = Debug|x64
		{1928BD2F-364B-4EE6-85FE-C989A985D1E7}.Debug|x64.Build.0 = Debug|x64
		{1928BD2F-364B-4EE6-85FE-C989A985D1E7}.Debug|x86.ActiveCfg = Debug|Win32
		{1928BD2F-364B-4EE6-85FE-C989A985D1E7}.Debug|x86.Build.0 = Debug|Win32
		{1928BD2F-364B-4EE6-85FE-C989A985D1E7}.Release|x64.ActiveCfg = Release|x64
		{1928BD2F-364B-4EE6-85FE-C989A985D1E7}.Release|x64.Build.0 = Release|x64
		{1928BD2F-364B-4EE6-85FE-C989A985D1E7}.Release|x86.ActiveCfg = Release|Win32
		{1928BD2F-364B-4EE6-85FE-C989A985D1E7}.Release|x86.Build.0 = Release|Win32
		{1E01CBE5-ED1C-4729-BD64-7E2FDA932A6C}.Debug|x64.ActiveCfg = Debug|x64
		{1E01CBE5-ED1C-4729-BD64-7E2FDA932A6C}.Debug|x64.Build.0 = Debug|x64
		{1E01CBE5-ED1C-4729-BD64-7E2FDA932A6C}.Debug|x86.ActiveCfg = Debug|Win32
		{1E01CBE5-ED1C-4729-BD64-7E2FDA932A6C}.Debug|x86.Build.0 = Debug|Win32
		{1E01CBE5-ED1C-4729-BD64-7E2FDA932A6C}.Release|x64.ActiveCfg = Release|x64
		{1E01CBE5-ED1C-4729-BD64-7E2FDA932A6C}.Release|x64.Build.0 = Release|x64
		{1E01CBE5-ED1C-4729-BD64-7E2FDA932A6C}.Release|x86.ActiveCfg = Release|Win32
		{1E01CBE5-ED1C-4729-BD64-7E2FDA932A6C}.Release|x86.Build.0 = Release|Win32
		{076B3F43-F21B-40BD-B153-EC55228CD090}.Debug|x64.ActiveCfg = Debug|x64
		{076B3F43-F21B-40BD-B153-EC55228CD090}.Debug|x64.Build.0 = Debug|x64
		{076B3F43-F21B-40BD-B153-EC55228CD090}.Debug|x86.ActiveCfg = Debug|Win32
		{076B3F43-F21B-40BD-B153-EC55228CD090}.Debug|x86.Build.0 = Debug|Win32
		{076B3F43-F21B-40BD-B153-EC55228CD090}.Release|x64.ActiveCfg = Release|x64
		{076B3F43-F21B-40BD-B153-EC55228CD090}.Release|x64.Build.0 = Release|x64
		{076B3F43-F21B-40BD-B153-EC55228CD090}.Release|x86.ActiveCfg = Release|Win32
		{076B3F43-F21B-40BD-B153-EC55228CD090}.Release|x86.Build.0 = Release|Win32
		{478DA31D-DC5E-40A3-B833-0FD986A46CEF}.Debug|x64.ActiveCfg = Debug|x64
		{478DA31D-DC5E-40A3-B833-0FD986A46CEF}.Debug|x64.Build.0 = Debug|x64
		{478DA31D-DC5E-40A3-B833-0FD986A46CEF}.Debug|x86.ActiveCfg = Debug|Win32
		{478DA31D-DC5E-40A3-B833-0FD986A46CEF}.Debug|x86.Build.0 = Debug|Win32
		{478DA31D-DC5E-40A3-B833-0FD986A46CEF}.Release|x64.ActiveCfg = Release|x64
		{478DA31D-DC5E-40A3-B833-0FD986A46CEF}.Release|x64.Build.0 = Release|x64
		{478DA31D-DC5E-40A3-B833-0FD986A46CEF}.Release|x86.ActiveCfg = Release|Win32
		{478DA31D-DC5E-40A3-B833-0FD986A46CEF}.Release|x86.Build.0 = Release|Win32
		{E866785E-DE8B-4B20-9F19-671CF5400F02}.Debug|x64.ActiveCfg = Debug|x64
		{E866785E-DE8B-4B20-9F19-671CF5400F02}.Debug|x64.Build.0 = Debug|x64
		{E866785E-DE8B-4B20-9F19-671CF5400F02}.Debug|x86.ActiveCfg = Debug|Win32
		{E866785E-DE8B-4B20-9F19-671CF5400F02}.Debug|x86.Build.0 = Debug|Win32
		{E866785E-DE8B-4B20-9F19-671CF5400F02}.Release|x64.ActiveCfg = Release|x64
		{E866785E-DE8B-4B20-9F19-671CF5400F02}.Release|x64.Build.0 = Release|x64
		{E866785E-DE8B-4B20-9F19-671CF5400F02}.Release|x86.ActiveCfg = Release|Win32
		{E866785E-DE8B-4B20-9F19-671CF5400F02}.Release|x86.Build.0 = Release|Win32
		{6049D839-EC2B-482B-948E-887437E86552}.Debug|x64.ActiveCfg = Debug|x64
		{6049D839-EC2B-482B-948E-887437E86552}.Debug|x64.Build.0 = Debug|x64
		{6049D839-EC2B-482B-948E-887437E86552}.Debug|x86.ActiveCfg = Debug|Win32
		{6049D839-EC2B-482B-948E-887437E86552}.Debug|x86.Build.0 = Debug|Win32
		{6049D839-EC2B-482B-948E-887437E86552}.Release|x64.ActiveCfg = Release|x64
		{6049D839-EC2B-482B-948E-887437E86552}.Release|x64.Build.0 = Release|x64
		{6049D839-EC2B-482B-948E-887437E86552}.Release|x86.ActiveCfg = Release|Win32
		{6049D839-EC2B-482B-948E-887437E86552}.Release|x86.Build.0 = Release|Win32
		{4F315269-CB22-4AF6-BE08-B5BCC8D51350}.Debug|x64.ActiveCfg = Debug|x64
		{4F315269-CB22-4AF6-BE08-B5BCC8D51350}.Debug|x64.Build.0 = Debug|x64
		{4F315269-CB22-4AF6-BE08-B5BCC8D51350}.Debug|x86.ActiveCfg = Debug|Win32
		{4F315269-CB22-4AF6-BE08-B5BCC8D51350}.Debug|x86.Build.0 = Debug|Win32
		{4F315269-CB22-4AF6-BE08-B5BCC8D51350}.Release|x64.ActiveCfg = Release|x64
		{4F315269-CB22-4AF6-BE08-B5BCC8D51350}.Release|x64.Build.0 = Release|x64
		{4F315269-CB22-4AF6-BE08-B5BCC8D51350}.Release|x86.ActiveCfg = Release|Win32
		{4F315269-CB22-4AF6-BE08-B5BCC8D51350}.Release|x86.Build.0 = Release|Win32
		{FCFC08FF-3D32-41DA-9290-EF1B77ADF793}.Debug|x64.ActiveCfg = Debug|x64
		{FCFC08FF-3D32-41DA-9290-EF1B77ADF793}.Debug|x64.Build.0 = Debug|x64
		{FCFC08FF-3D32-41DA-9290-EF1B77ADF793}.Debug|x86.ActiveCfg = Debug|Win32
		{FCFC08FF-3D32-41DA-9290-EF1B77ADF793}.Debug|x86.Build.0 = Debug|Win32
		{FCFC08FF-3D32-41DA-9290-EF1B77ADF793}.Release|x64.ActiveCfg = Release|x64
		{FCFC08FF-3D32-41DA-9290-EF1B77ADF793}.Release|x64.Build.0 = Release|x64
		{FCFC08FF-3D32-41DA-9290-EF1B77ADF793}.Release|x86.ActiveCfg = Release|Win32
		{FCFC08FF-3D32-41DA-9290-EF1B77ADF793}.Release|x86.Build.0 = Release|Win32
		{1AE8097C-B830-4107-9D1F-D1BE3333FE77}.Debug|x64.ActiveCfg = Debug|x64
		{1AE8097C-B830-4107-9D1F-D1BE3333FE77}.Debug|x64.Build.0 = Debug|x64
		{1AE8097C-B830-4107-9D1F-D1BE3333FE77}.Debug|x86.ActiveCfg = Debug|Win32
		{1AE8097C-B830-4107-9D1F-D1BE3333FE77}.Debug|x86.Build.0 = Debug|Win32
		{1AE8097C-B830-4107-9D1F-D1BE3333FE77}.Release|x64.ActiveCfg = Release|x64
		{1AE8097C-B830-4107-9D1F-D1BE3333FE77}.Release|x64.Build.0 = Release|x64
		{1AE8097C-B830-4107-9D1F-D1BE3333FE77}.Release|x86.ActiveCfg = Release|Win32
		{1AE8097C-B830-4107-9D1F-D1BE3333FE77}.Release|x86.Build.0 = Release|Win32
		{E291FCBB-DCEB-460A-99F5-564733CA28B8}.Debug|x64.ActiveCfg = Debug|x64
		{E291FCBB-DCEB-460A-99F5-564733CA28B8}.Debug|x64.Build.0 = Debug|x64
		{E291FCBB-DCEB-460A-99F5-564733CA28B8}.Debug|x86.ActiveCfg = Debug|Win32
		{E291FCBB-DCEB-460A-99F5-564733CA28B8}.Debug|x86.Build.0 = Debug|Win32
		{E291FCBB-DCEB-460A-99F5-564733CA28B8}.Release|x64.ActiveCfg = Release|x64
		{E291FCBB-DCEB-460A-99F5-564733CA28B8}.Release|x64.Build.0 = Release|x64
		{E291FCBB-DCEB-460A-99F5-564733CA28B8}.Release|x86.ActiveCfg = Release|Win32
		{E291FCBB-DCEB-460A-99F5-564733CA28B8}.Release|x86.Build.0 = Release|Win32
		{F907D956-1B83-4B80-83B5-75FB2E80416E}.Debug|x64.ActiveCfg = Debug|x64
		{F907D956-1B83-4B80-83B5-75FB2E80416E}.Debug|x64.Build.0 = Debug|x64
		{F907D956-1B83-4B80-83B5-75FB2E80416E}.Debug|x86.ActiveCfg = Debug|Win32
		{F907D956-1B83-4B80-83B5-75FB2E80416E}.Debug|x86.Build.0 = Debug|Win32
		{F907D956-1B83-4B80-83B5-75FB2E80416E}.Release|x64.ActiveCfg = Release|x64
		{F907D956-1B83-4B80-83B5-75FB2E80416E}.Release|x64.Build.0 = Release|x64
		{F907D956-1B83-4B80-83B5-75FB2E80416E}.Release|x86.ActiveCfg = Release|Win32
		{F907D956-1B83-4B80-83B5-75FB2E80416E}.Release|x86.Build.0 = Release|Win32
		{E54FC03E-C54A-46D6-9E3D-65FECEF7C5D4}.Debug|x64.ActiveCfg = Debug|x64
		{E54FC03E-C54A-46D6-9E3D-65FECEF7C5D4}.Debug|x64.Build.0 = Debug|x64
		{E54FC03E-C54A-46D6-9E3D-65FECEF7C5D4}.Debug|x86.ActiveCfg = Debug|Win32
		{E54FC03E-C54A-46D6-9E3D-65FECEF7C5D4}.Debug|x86.Build.0 = Debug|Win32
		{E54FC03E-C54A-46D6-9E3D-65FECEF7C5D4}.Release|x64.ActiveCfg = Release|x64
		{E54FC03E-C54A-46D6-9E3D-65FECEF7C5D4}.Release|x64.Build.0 = Release|x64
		{E54FC03E-C54A-46D6-9E3D-65FECEF7C5D4}.Release|x86.ActiveCfg = Release|Win32
		{E54FC03E-C54A-46D6-9E3D-65FECEF7C5D4}.Release|x86.Build.0 = Release|Win32
	EndGlobalSection
	GlobalSection(SolutionProperties) = preSolution
		HideSolutionNode = FALSE
	EndGlobalSection
EndGlobal
