<?xml version="1.0" encoding="utf-8"?>
<Project ToolsVersion="4.0" xmlns="http://schemas.microsoft.com/developer/msbuild/2003">
  <ItemGroup>
    <ClInclude Include="ReflectionPass.h" />
    <ClInclude Include="HiZBufferCommandListRecorder.h" />
    <ClInclude Include="CopyResourcesCommandListRecorder.h" />
    <ClInclude Include="VisibilityBufferCommandListRecorder.h" />
  </ItemGroup>
  <ItemGroup>
    <ClCompile Include="ReflectionPass.cpp" />
    <ClCompile Include="HiZBufferCommandListRecorder.cpp" />
    <ClCompile Include="CopyResourcesCommandListRecorder.cpp" />
    <ClCompile Include="VisibilityBufferCommandListRecorder.cpp" />
  </ItemGroup>
  <ItemGroup>
    <Filter Include="Shaders">
      <UniqueIdentifier>{3f386158-50ec-44eb-87ce-4c0fa5f56482}</UniqueIdentifier>
    </Filter>
    <Filter Include="Shaders\HiZBuffer">
      <UniqueIdentifier>{bd34f864-fb7b-4d14-85d9-cd906c4569ca}</UniqueIdentifier>
    </Filter>
    <Filter Include="Shaders\CopyResources">
      <UniqueIdentifier>{0a1ac3c7-83fe-45b0-98ce-17583d47e70b}</UniqueIdentifier>
    </Filter>
    <Filter Include="Shaders\VisibilityBuffer">
      <UniqueIdentifier>{bc26f7d5-5145-44cd-a71f-a8d34273219f}</UniqueIdentifier>
    </Filter>
  </ItemGroup>
  <ItemGroup>
    <FxCompile Include="Shaders\HiZBuffer\PS.hlsl">
      <Filter>Shaders\HiZBuffer</Filter>
    </FxCompile>
    <FxCompile Include="Shaders\HiZBuffer\RS.hlsl">
      <Filter>Shaders\HiZBuffer</Filter>
    </FxCompile>
    <FxCompile Include="Shaders\HiZBuffer\VS.hlsl">
      <Filter>Shaders\HiZBuffer</Filter>
    </FxCompile>
    <FxCompile Include="Shaders\CopyResources\PS.hlsl">
      <Filter>Shaders\CopyResources</Filter>
    </FxCompile>
    <FxCompile Include="Shaders\CopyResources\RS.hlsl">
      <Filter>Shaders\CopyResources</Filter>
    </FxCompile>
    <FxCompile Include="Shaders\CopyResources\VS.hlsl">
      <Filter>Shaders\CopyResources</Filter>
    </FxCompile>
    <FxCompile Include="Shaders\VisibilityBuffer\RS.hlsl">
      <Filter>Shaders\VisibilityBuffer</Filter>
    </FxCompile>
    <FxCompile Include="Shaders\VisibilityBuffer\VS.hlsl">
      <Filter>Shaders\VisibilityBuffer</Filter>
    </FxCompile>
    <FxCompile Include="Shaders\VisibilityBuffer\PS.hlsl">
      <Filter>Shaders\VisibilityBuffer</Filter>
    </FxCompile>
  </ItemGroup>
</Project>