<?xml version="1.0" encoding="utf-8"?>
<Project ToolsVersion="4.0" xmlns="http://schemas.microsoft.com/developer/msbuild/2003">
  <ItemGroup>
    <ClInclude Include="ReflectionPass.h" />
    <ClInclude Include="HiZBufferCommandListRecorder.h" />
  </ItemGroup>
  <ItemGroup>
    <ClCompile Include="ReflectionPass.cpp" />
    <ClCompile Include="HiZBufferCommandListRecorder.cpp" />
  </ItemGroup>
  <ItemGroup>
    <Filter Include="Shaders">
      <UniqueIdentifier>{3f386158-50ec-44eb-87ce-4c0fa5f56482}</UniqueIdentifier>
    </Filter>
  </ItemGroup>
  <ItemGroup>
    <FxCompile Include="Shaders\PS.hlsl">
      <Filter>Shaders</Filter>
    </FxCompile>
    <FxCompile Include="Shaders\RS.hlsl">
      <Filter>Shaders</Filter>
    </FxCompile>
    <FxCompile Include="Shaders\VS.hlsl">
      <Filter>Shaders</Filter>
    </FxCompile>
  </ItemGroup>
</Project>