<?xml version="1.0" encoding="utf-8"?>
<Project ToolsVersion="4.0" xmlns="http://schemas.microsoft.com/developer/msbuild/2003">
  <ItemGroup>
    <ClCompile Include="PSOCreator.cpp" />
  </ItemGroup>
  <ItemGroup>
    <ClInclude Include="PSOCreator.h" />
  </ItemGroup>
  <ItemGroup>
    <Filter Include="Basic">
      <UniqueIdentifier>{90df0df8-68d5-4fda-9646-96b13a93be87}</UniqueIdentifier>
    </Filter>
    <Filter Include="PunctualLight">
      <UniqueIdentifier>{f31e1388-e30e-436b-92ef-a3c440f4e333}</UniqueIdentifier>
    </Filter>
    <Filter Include="ShaderUtils">
      <UniqueIdentifier>{970b0b1d-4e03-4ab5-8834-edba2d3807c8}</UniqueIdentifier>
    </Filter>
    <Filter Include="TextureMapping">
      <UniqueIdentifier>{18f90d08-51aa-4db3-82c3-c3f9997a86bf}</UniqueIdentifier>
    </Filter>
    <Filter Include="NormalMapping">
      <UniqueIdentifier>{3712b720-bef4-4f1e-9d80-c1db74f89740}</UniqueIdentifier>
    </Filter>
    <Filter Include="HeightMapping">
      <UniqueIdentifier>{93a6c746-6d3f-435f-8e05-adba5f781538}</UniqueIdentifier>
    </Filter>
    <Filter Include="SkyBox">
      <UniqueIdentifier>{de4c2da4-73ed-44a3-bb02-208be26317a3}</UniqueIdentifier>
    </Filter>
  </ItemGroup>
  <ItemGroup>
    <FxCompile Include="Basic\PS.hlsl">
      <Filter>Basic</Filter>
    </FxCompile>
    <FxCompile Include="Basic\RS.hlsl">
      <Filter>Basic</Filter>
    </FxCompile>
    <FxCompile Include="Basic\VS.hlsl">
      <Filter>Basic</Filter>
    </FxCompile>
    <FxCompile Include="PunctualLight\VS.hlsl">
      <Filter>PunctualLight</Filter>
    </FxCompile>
    <FxCompile Include="PunctualLight\GS.hlsl">
      <Filter>PunctualLight</Filter>
    </FxCompile>
    <FxCompile Include="PunctualLight\PS.hlsl">
      <Filter>PunctualLight</Filter>
    </FxCompile>
    <FxCompile Include="PunctualLight\RS.hlsl">
      <Filter>PunctualLight</Filter>
    </FxCompile>
    <FxCompile Include="TextureMapping\PS.hlsl">
      <Filter>TextureMapping</Filter>
    </FxCompile>
    <FxCompile Include="TextureMapping\RS.hlsl">
      <Filter>TextureMapping</Filter>
    </FxCompile>
    <FxCompile Include="TextureMapping\VS.hlsl">
      <Filter>TextureMapping</Filter>
    </FxCompile>
    <FxCompile Include="NormalMapping\VS.hlsl">
      <Filter>NormalMapping</Filter>
    </FxCompile>
    <FxCompile Include="NormalMapping\PS.hlsl">
      <Filter>NormalMapping</Filter>
    </FxCompile>
    <FxCompile Include="NormalMapping\RS.hlsl">
      <Filter>NormalMapping</Filter>
    </FxCompile>
    <FxCompile Include="HeightMapping\VS.hlsl">
      <Filter>HeightMapping</Filter>
    </FxCompile>
    <FxCompile Include="HeightMapping\PS.hlsl">
      <Filter>HeightMapping</Filter>
    </FxCompile>
    <FxCompile Include="HeightMapping\DS.hlsl">
      <Filter>HeightMapping</Filter>
    </FxCompile>
    <FxCompile Include="HeightMapping\HS.hlsl">
      <Filter>HeightMapping</Filter>
    </FxCompile>
    <FxCompile Include="HeightMapping\RS.hlsl">
      <Filter>HeightMapping</Filter>
    </FxCompile>
    <FxCompile Include="SkyBox\PS.hlsl">
      <Filter>SkyBox</Filter>
    </FxCompile>
    <FxCompile Include="SkyBox\RS.hlsl">
      <Filter>SkyBox</Filter>
    </FxCompile>
    <FxCompile Include="SkyBox\VS.hlsl">
      <Filter>SkyBox</Filter>
    </FxCompile>
  </ItemGroup>
  <ItemGroup>
    <None Include="ShaderUtils\Lighting.hlsli">
      <Filter>ShaderUtils</Filter>
    </None>
    <None Include="ShaderUtils\Utils.hlsli">
      <Filter>ShaderUtils</Filter>
    </None>
    <None Include="ShaderUtils\Material.hlsli">
      <Filter>ShaderUtils</Filter>
    </None>
    <None Include="ShaderUtils\CBuffers.hlsli">
      <Filter>ShaderUtils</Filter>
    </None>
    <None Include="ShaderUtils\Lights.hlsli">
      <Filter>ShaderUtils</Filter>
    </None>
  </ItemGroup>
</Project>