<?xml version="1.0" encoding="utf-8"?>
<Project ToolsVersion="4.0" xmlns="http://schemas.microsoft.com/developer/msbuild/2003">
  <ItemGroup>
    <ClCompile Include="PSOCreator.cpp" />
    <ClCompile Include="Basic\BasicCmdListRecorder.cpp">
      <Filter>Basic</Filter>
    </ClCompile>
    <ClCompile Include="PunctualLight\PunctualLightCmdListRecorder.cpp">
      <Filter>PunctualLight</Filter>
    </ClCompile>
  </ItemGroup>
  <ItemGroup>
    <ClInclude Include="PSOCreator.h" />
    <ClInclude Include="Basic\BasicCmdListRecorder.h">
      <Filter>Basic</Filter>
    </ClInclude>
    <ClInclude Include="PunctualLight\PunctualLightCmdListRecorder.h">
      <Filter>PunctualLight</Filter>
    </ClInclude>
  </ItemGroup>
  <ItemGroup>
    <Filter Include="Basic">
      <UniqueIdentifier>{90df0df8-68d5-4fda-9646-96b13a93be87}</UniqueIdentifier>
    </Filter>
    <Filter Include="PunctualLight">
      <UniqueIdentifier>{f31e1388-e30e-436b-92ef-a3c440f4e333}</UniqueIdentifier>
    </Filter>
  </ItemGroup>
  <ItemGroup>
    <FxCompile Include="Basic\PS.hlsl">
      <Filter>Basic</Filter>
    </FxCompile>
    <FxCompile Include="Basic\RS.hlsl">
      <Filter>Basic</Filter>
    </FxCompile>
    <FxCompile Include="Basic\VS.hlsl">
      <Filter>Basic</Filter>
    </FxCompile>
    <FxCompile Include="PunctualLight\VS.hlsl">
      <Filter>PunctualLight</Filter>
    </FxCompile>
    <FxCompile Include="PunctualLight\GS.hlsl">
      <Filter>PunctualLight</Filter>
    </FxCompile>
    <FxCompile Include="PunctualLight\PS.hlsl">
      <Filter>PunctualLight</Filter>
    </FxCompile>
    <FxCompile Include="PunctualLight\RS.hlsl">
      <Filter>PunctualLight</Filter>
    </FxCompile>
  </ItemGroup>
  <ItemGroup>
    <None Include="Lighting.hlsli" />
  </ItemGroup>
</Project>