<?xml version="1.0" encoding="utf-8"?>
<Project ToolsVersion="4.0" xmlns="http://schemas.microsoft.com/developer/msbuild/2003">
  <ItemGroup>
    <ClCompile Include="ShapesApp.cpp" />
    <ClCompile Include="ShapesCmdBuilderTask.cpp" />
    <ClCompile Include="ShapesInitTask.cpp" />
  </ItemGroup>
  <ItemGroup>
    <ClInclude Include="ShapesApp.h" />
    <ClInclude Include="ShapesCmdBuilderTask.h" />
    <ClInclude Include="ShapesInitTask.h" />
  </ItemGroup>
  <ItemGroup>
    <FxCompile Include="VS.hlsl" />
    <FxCompile Include="PS.hlsl" />
    <FxCompile Include="RS.hlsl" />
  </ItemGroup>
</Project>