<?xml version="1.0" encoding="utf-8"?>
<Project ToolsVersion="4.0" xmlns="http://schemas.microsoft.com/developer/msbuild/2003">
  <ItemGroup>
    <ClCompile Include="ShapesApp.cpp" />
    <ClCompile Include="ShapeTask.cpp" />
    <ClCompile Include="ShapeInitTask.cpp" />
  </ItemGroup>
  <ItemGroup>
    <ClInclude Include="ShapesApp.h" />
    <ClInclude Include="ShapeTask.h" />
    <ClInclude Include="ShapeInitTask.h" />
  </ItemGroup>
  <ItemGroup>
    <FxCompile Include="VS.hlsl" />
    <FxCompile Include="PS.hlsl" />
  </ItemGroup>
</Project>