<?xml version="1.0" encoding="utf-8"?>
<Project ToolsVersion="4.0" xmlns="http://schemas.microsoft.com/developer/msbuild/2003">
  <ItemGroup>
    <ClInclude Include="ResourceManager.h" />
    <ClInclude Include="UploadBuffer.h" />
    <ClInclude Include="DDSTextureLoader.h" />
    <ClInclude Include="UploadBufferManager.h" />
    <ClInclude Include="VertexAndIndexBufferCreator.h" />
    <ClInclude Include="FrameCBufferPerFrame.h" />
  </ItemGroup>
  <ItemGroup>
    <ClCompile Include="ResourceManager.cpp" />
    <ClCompile Include="UploadBuffer.cpp" />
    <ClCompile Include="DDSTextureLoader.cpp" />
    <ClCompile Include="UploadBufferManager.cpp" />
    <ClCompile Include="VertexAndIndexBufferCreator.cpp" />
    <ClCompile Include="FrameCBufferPerFrame.cpp" />
  </ItemGroup>
</Project>